
Microsoft Visual Studio Solution File, Format Version 12.00
# Visual Studio 15
VisualStudioVersion = 15.0.28010.2026
MinimumVisualStudioVersion = 10.0.40219.1
Project("{FAE04EC0-301F-11D3-BF4B-00C04F79EFBC}") = "CSharpCallDLL", "CSharpCallDLL\CSharpCallDLL.csproj", "{E3000F78-B856-4B1B-8AAA-43528B8A6B8B}"
EndProject
Project("{8BC9CEB8-8B4A-11D0-8D11-00A0C91BC942}") = "C++CreateDLL", "CreateDLL\CreateDLL.vcxproj", "{D74A6BC8-6CCB-4548-A957-4DF1FC82F4CF}"
EndProject
Project("{FAE04EC0-301F-11D3-BF4B-00C04F79EFBC}") = "CSharpCreateDLL", "CSharpCreateDLL\CSharpCreateDLL.csproj", "{9ED89981-BB99-42A4-9FF1-9370BA1828E2}"
EndProject
Global
	GlobalSection(SolutionConfigurationPlatforms) = preSolution
		Debug|Any CPU = Debug|Any CPU
		Debug|x64 = Debug|x64
		Debug|x86 = Debug|x86
		Release|Any CPU = Release|Any CPU
		Release|x64 = Release|x64
		Release|x86 = Release|x86
	EndGlobalSection
	GlobalSection(ProjectConfigurationPlatforms) = postSolution
		{E3000F78-B856-4B1B-8AAA-43528B8A6B8B}.Debug|Any CPU.ActiveCfg = Debug|Any CPU
		{E3000F78-B856-4B1B-8AAA-43528B8A6B8B}.Debug|Any CPU.Build.0 = Debug|Any CPU
		{E3000F78-B856-4B1B-8AAA-43528B8A6B8B}.Debug|x64.ActiveCfg = Debug|Any CPU
		{E3000F78-B856-4B1B-8AAA-43528B8A6B8B}.Debug|x64.Build.0 = Debug|Any CPU
		{E3000F78-B856-4B1B-8AAA-43528B8A6B8B}.Debug|x86.ActiveCfg = Debug|Any CPU
		{E3000F78-B856-4B1B-8AAA-43528B8A6B8B}.Debug|x86.Build.0 = Debug|Any CPU
		{E3000F78-B856-4B1B-8AAA-43528B8A6B8B}.Release|Any CPU.ActiveCfg = Release|Any CPU
		{E3000F78-B856-4B1B-8AAA-43528B8A6B8B}.Release|Any CPU.Build.0 = Release|Any CPU
		{E3000F78-B856-4B1B-8AAA-43528B8A6B8B}.Release|x64.ActiveCfg = Release|Any CPU
		{E3000F78-B856-4B1B-8AAA-43528B8A6B8B}.Release|x64.Build.0 = Release|Any CPU
		{E3000F78-B856-4B1B-8AAA-43528B8A6B8B}.Release|x86.ActiveCfg = Release|Any CPU
		{E3000F78-B856-4B1B-8AAA-43528B8A6B8B}.Release|x86.Build.0 = Release|Any CPU
		{D74A6BC8-6CCB-4548-A957-4DF1FC82F4CF}.Debug|Any CPU.ActiveCfg = Debug|Win32
		{D74A6BC8-6CCB-4548-A957-4DF1FC82F4CF}.Debug|x64.ActiveCfg = Debug|x64
		{D74A6BC8-6CCB-4548-A957-4DF1FC82F4CF}.Debug|x64.Build.0 = Debug|x64
		{D74A6BC8-6CCB-4548-A957-4DF1FC82F4CF}.Debug|x86.ActiveCfg = Debug|Win32
		{D74A6BC8-6CCB-4548-A957-4DF1FC82F4CF}.Debug|x86.Build.0 = Debug|Win32
		{D74A6BC8-6CCB-4548-A957-4DF1FC82F4CF}.Release|Any CPU.ActiveCfg = Release|Win32
		{D74A6BC8-6CCB-4548-A957-4DF1FC82F4CF}.Release|x64.ActiveCfg = Release|x64
		{D74A6BC8-6CCB-4548-A957-4DF1FC82F4CF}.Release|x64.Build.0 = Release|x64
		{D74A6BC8-6CCB-4548-A957-4DF1FC82F4CF}.Release|x86.ActiveCfg = Release|Win32
		{D74A6BC8-6CCB-4548-A957-4DF1FC82F4CF}.Release|x86.Build.0 = Release|Win32
		{9ED89981-BB99-42A4-9FF1-9370BA1828E2}.Debug|Any CPU.ActiveCfg = Debug|Any CPU
		{9ED89981-BB99-42A4-9FF1-9370BA1828E2}.Debug|Any CPU.Build.0 = Debug|Any CPU
		{9ED89981-BB99-42A4-9FF1-9370BA1828E2}.Debug|x64.ActiveCfg = Debug|Any CPU
		{9ED89981-BB99-42A4-9FF1-9370BA1828E2}.Debug|x64.Build.0 = Debug|Any CPU
		{9ED89981-BB99-42A4-9FF1-9370BA1828E2}.Debug|x86.ActiveCfg = Debug|Any CPU
		{9ED89981-BB99-42A4-9FF1-9370BA1828E2}.Debug|x86.Build.0 = Debug|Any CPU
		{9ED89981-BB99-42A4-9FF1-9370BA1828E2}.Release|Any CPU.ActiveCfg = Release|Any CPU
		{9ED89981-BB99-42A4-9FF1-9370BA1828E2}.Release|Any CPU.Build.0 = Release|Any CPU
		{9ED89981-BB99-42A4-9FF1-9370BA1828E2}.Release|x64.ActiveCfg = Release|Any CPU
		{9ED89981-BB99-42A4-9FF1-9370BA1828E2}.Release|x64.Build.0 = Release|Any CPU
		{9ED89981-BB99-42A4-9FF1-9370BA1828E2}.Release|x86.ActiveCfg = Release|Any CPU
		{9ED89981-BB99-42A4-9FF1-9370BA1828E2}.Release|x86.Build.0 = Release|Any CPU
	EndGlobalSection
	GlobalSection(SolutionProperties) = preSolution
		HideSolutionNode = FALSE
	EndGlobalSection
	GlobalSection(ExtensibilityGlobals) = postSolution
		SolutionGuid = {90C918F7-6863-4807-B5C3-70626B511154}
	EndGlobalSection
EndGlobal
